
Microsoft Visual Studio Solution File, Format Version 12.00
# Visual Studio Version 16
VisualStudioVersion = 16.0.30114.105
MinimumVisualStudioVersion = 10.0.40219.1
Project("{FAE04EC0-301F-11D3-BF4B-00C04F79EFBC}") = "StockProphetLib", "StockProphetLib\StockProphetLib.csproj", "{2C2FC1F1-0222-4FD3-9694-5E18EB5AF31B}"
EndProject
Project("{FAE04EC0-301F-11D3-BF4B-00C04F79EFBC}") = "WebCollectorLib", "WebCollectorLib\WebCollectorLib.csproj", "{280BB437-6D96-4D27-AA75-EDC4D38D038F}"
EndProject
Project("{FAE04EC0-301F-11D3-BF4B-00C04F79EFBC}") = "SentimentEvalLib", "SentimentEvalLib\SentimentEvalLib.csproj", "{8DFB7B52-DA1C-4906-A3AC-F05505CD2179}"
EndProject
Project("{FAE04EC0-301F-11D3-BF4B-00C04F79EFBC}") = "MainApp", "MainApp\MainApp.csproj", "{18BAF78E-CA2D-4080-80CB-E72067C62F0B}"
EndProject
Project("{FAE04EC0-301F-11D3-BF4B-00C04F79EFBC}") = "GainApp", "GainApp\GainApp.csproj", "{F5099BB0-5FEB-4FDD-8759-0E9571CD4130}"
EndProject
Project("{FAE04EC0-301F-11D3-BF4B-00C04F79EFBC}") = "TrainApp", "TrainApp\TrainApp.csproj", "{39D30F71-0E43-49AE-8522-243D10DE3C66}"
EndProject
Project("{FAE04EC0-301F-11D3-BF4B-00C04F79EFBC}") = "UnitTests", "UnitTests\UnitTests.csproj", "{08BD0788-6503-4C53-8FCD-81F9AE5574FE}"
EndProject
Project("{FAE04EC0-301F-11D3-BF4B-00C04F79EFBC}") = "StockProphetLib.Tests", "StockProphetLib.Tests\StockProphetLib.Tests.csproj", "{218D2BF6-09E3-436F-A5DF-166D8BA6DD9A}"
EndProject
Project("{FAE04EC0-301F-11D3-BF4B-00C04F79EFBC}") = "WebCollectorLib.Tests", "WebCollectorLib.Tests\WebCollectorLib.Tests.csproj", "{065DEB5D-0A72-4035-9803-202062849D28}"
EndProject
Project("{FAE04EC0-301F-11D3-BF4B-00C04F79EFBC}") = "SentimentEvalLib.Tests", "SentimentEvalLib.Tests\SentimentEvalLib.Tests.csproj", "{77C3EC84-EE98-4BC2-8AF9-27798E581F81}"
EndProject
Global
	GlobalSection(SolutionConfigurationPlatforms) = preSolution
		Debug|Any CPU = Debug|Any CPU
		Debug|x64 = Debug|x64
		Debug|x86 = Debug|x86
		Release|Any CPU = Release|Any CPU
		Release|x64 = Release|x64
		Release|x86 = Release|x86
	EndGlobalSection
	GlobalSection(SolutionProperties) = preSolution
		HideSolutionNode = FALSE
	EndGlobalSection
	GlobalSection(ProjectConfigurationPlatforms) = postSolution
		{2C2FC1F1-0222-4FD3-9694-5E18EB5AF31B}.Debug|Any CPU.ActiveCfg = Debug|Any CPU
		{2C2FC1F1-0222-4FD3-9694-5E18EB5AF31B}.Debug|Any CPU.Build.0 = Debug|Any CPU
		{2C2FC1F1-0222-4FD3-9694-5E18EB5AF31B}.Debug|x64.ActiveCfg = Debug|Any CPU
		{2C2FC1F1-0222-4FD3-9694-5E18EB5AF31B}.Debug|x64.Build.0 = Debug|Any CPU
		{2C2FC1F1-0222-4FD3-9694-5E18EB5AF31B}.Debug|x86.ActiveCfg = Debug|Any CPU
		{2C2FC1F1-0222-4FD3-9694-5E18EB5AF31B}.Debug|x86.Build.0 = Debug|Any CPU
		{2C2FC1F1-0222-4FD3-9694-5E18EB5AF31B}.Release|Any CPU.ActiveCfg = Release|Any CPU
		{2C2FC1F1-0222-4FD3-9694-5E18EB5AF31B}.Release|Any CPU.Build.0 = Release|Any CPU
		{2C2FC1F1-0222-4FD3-9694-5E18EB5AF31B}.Release|x64.ActiveCfg = Release|Any CPU
		{2C2FC1F1-0222-4FD3-9694-5E18EB5AF31B}.Release|x64.Build.0 = Release|Any CPU
		{2C2FC1F1-0222-4FD3-9694-5E18EB5AF31B}.Release|x86.ActiveCfg = Release|Any CPU
		{2C2FC1F1-0222-4FD3-9694-5E18EB5AF31B}.Release|x86.Build.0 = Release|Any CPU
		{280BB437-6D96-4D27-AA75-EDC4D38D038F}.Debug|Any CPU.ActiveCfg = Debug|Any CPU
		{280BB437-6D96-4D27-AA75-EDC4D38D038F}.Debug|Any CPU.Build.0 = Debug|Any CPU
		{280BB437-6D96-4D27-AA75-EDC4D38D038F}.Debug|x64.ActiveCfg = Debug|Any CPU
		{280BB437-6D96-4D27-AA75-EDC4D38D038F}.Debug|x64.Build.0 = Debug|Any CPU
		{280BB437-6D96-4D27-AA75-EDC4D38D038F}.Debug|x86.ActiveCfg = Debug|Any CPU
		{280BB437-6D96-4D27-AA75-EDC4D38D038F}.Debug|x86.Build.0 = Debug|Any CPU
		{280BB437-6D96-4D27-AA75-EDC4D38D038F}.Release|Any CPU.ActiveCfg = Release|Any CPU
		{280BB437-6D96-4D27-AA75-EDC4D38D038F}.Release|Any CPU.Build.0 = Release|Any CPU
		{280BB437-6D96-4D27-AA75-EDC4D38D038F}.Release|x64.ActiveCfg = Release|Any CPU
		{280BB437-6D96-4D27-AA75-EDC4D38D038F}.Release|x64.Build.0 = Release|Any CPU
		{280BB437-6D96-4D27-AA75-EDC4D38D038F}.Release|x86.ActiveCfg = Release|Any CPU
		{280BB437-6D96-4D27-AA75-EDC4D38D038F}.Release|x86.Build.0 = Release|Any CPU
		{8DFB7B52-DA1C-4906-A3AC-F05505CD2179}.Debug|Any CPU.ActiveCfg = Debug|Any CPU
		{8DFB7B52-DA1C-4906-A3AC-F05505CD2179}.Debug|Any CPU.Build.0 = Debug|Any CPU
		{8DFB7B52-DA1C-4906-A3AC-F05505CD2179}.Debug|x64.ActiveCfg = Debug|Any CPU
		{8DFB7B52-DA1C-4906-A3AC-F05505CD2179}.Debug|x64.Build.0 = Debug|Any CPU
		{8DFB7B52-DA1C-4906-A3AC-F05505CD2179}.Debug|x86.ActiveCfg = Debug|Any CPU
		{8DFB7B52-DA1C-4906-A3AC-F05505CD2179}.Debug|x86.Build.0 = Debug|Any CPU
		{8DFB7B52-DA1C-4906-A3AC-F05505CD2179}.Release|Any CPU.ActiveCfg = Release|Any CPU
		{8DFB7B52-DA1C-4906-A3AC-F05505CD2179}.Release|Any CPU.Build.0 = Release|Any CPU
		{8DFB7B52-DA1C-4906-A3AC-F05505CD2179}.Release|x64.ActiveCfg = Release|Any CPU
		{8DFB7B52-DA1C-4906-A3AC-F05505CD2179}.Release|x64.Build.0 = Release|Any CPU
		{8DFB7B52-DA1C-4906-A3AC-F05505CD2179}.Release|x86.ActiveCfg = Release|Any CPU
		{8DFB7B52-DA1C-4906-A3AC-F05505CD2179}.Release|x86.Build.0 = Release|Any CPU
		{18BAF78E-CA2D-4080-80CB-E72067C62F0B}.Debug|Any CPU.ActiveCfg = Debug|Any CPU
		{18BAF78E-CA2D-4080-80CB-E72067C62F0B}.Debug|Any CPU.Build.0 = Debug|Any CPU
		{18BAF78E-CA2D-4080-80CB-E72067C62F0B}.Debug|x64.ActiveCfg = Debug|Any CPU
		{18BAF78E-CA2D-4080-80CB-E72067C62F0B}.Debug|x64.Build.0 = Debug|Any CPU
		{18BAF78E-CA2D-4080-80CB-E72067C62F0B}.Debug|x86.ActiveCfg = Debug|Any CPU
		{18BAF78E-CA2D-4080-80CB-E72067C62F0B}.Debug|x86.Build.0 = Debug|Any CPU
		{18BAF78E-CA2D-4080-80CB-E72067C62F0B}.Release|Any CPU.ActiveCfg = Release|Any CPU
		{18BAF78E-CA2D-4080-80CB-E72067C62F0B}.Release|Any CPU.Build.0 = Release|Any CPU
		{18BAF78E-CA2D-4080-80CB-E72067C62F0B}.Release|x64.ActiveCfg = Release|Any CPU
		{18BAF78E-CA2D-4080-80CB-E72067C62F0B}.Release|x64.Build.0 = Release|Any CPU
		{18BAF78E-CA2D-4080-80CB-E72067C62F0B}.Release|x86.ActiveCfg = Release|Any CPU
		{18BAF78E-CA2D-4080-80CB-E72067C62F0B}.Release|x86.Build.0 = Release|Any CPU
		{F5099BB0-5FEB-4FDD-8759-0E9571CD4130}.Debug|Any CPU.ActiveCfg = Debug|Any CPU
		{F5099BB0-5FEB-4FDD-8759-0E9571CD4130}.Debug|Any CPU.Build.0 = Debug|Any CPU
		{F5099BB0-5FEB-4FDD-8759-0E9571CD4130}.Debug|x64.ActiveCfg = Debug|Any CPU
		{F5099BB0-5FEB-4FDD-8759-0E9571CD4130}.Debug|x64.Build.0 = Debug|Any CPU
		{F5099BB0-5FEB-4FDD-8759-0E9571CD4130}.Debug|x86.ActiveCfg = Debug|Any CPU
		{F5099BB0-5FEB-4FDD-8759-0E9571CD4130}.Debug|x86.Build.0 = Debug|Any CPU
		{F5099BB0-5FEB-4FDD-8759-0E9571CD4130}.Release|Any CPU.ActiveCfg = Release|Any CPU
		{F5099BB0-5FEB-4FDD-8759-0E9571CD4130}.Release|Any CPU.Build.0 = Release|Any CPU
		{F5099BB0-5FEB-4FDD-8759-0E9571CD4130}.Release|x64.ActiveCfg = Release|Any CPU
		{F5099BB0-5FEB-4FDD-8759-0E9571CD4130}.Release|x64.Build.0 = Release|Any CPU
		{F5099BB0-5FEB-4FDD-8759-0E9571CD4130}.Release|x86.ActiveCfg = Release|Any CPU
		{F5099BB0-5FEB-4FDD-8759-0E9571CD4130}.Release|x86.Build.0 = Release|Any CPU
		{39D30F71-0E43-49AE-8522-243D10DE3C66}.Debug|Any CPU.ActiveCfg = Debug|Any CPU
		{39D30F71-0E43-49AE-8522-243D10DE3C66}.Debug|Any CPU.Build.0 = Debug|Any CPU
		{39D30F71-0E43-49AE-8522-243D10DE3C66}.Debug|x64.ActiveCfg = Debug|Any CPU
		{39D30F71-0E43-49AE-8522-243D10DE3C66}.Debug|x64.Build.0 = Debug|Any CPU
		{39D30F71-0E43-49AE-8522-243D10DE3C66}.Debug|x86.ActiveCfg = Debug|Any CPU
		{39D30F71-0E43-49AE-8522-243D10DE3C66}.Debug|x86.Build.0 = Debug|Any CPU
		{39D30F71-0E43-49AE-8522-243D10DE3C66}.Release|Any CPU.ActiveCfg = Release|Any CPU
		{39D30F71-0E43-49AE-8522-243D10DE3C66}.Release|Any CPU.Build.0 = Release|Any CPU
		{39D30F71-0E43-49AE-8522-243D10DE3C66}.Release|x64.ActiveCfg = Release|Any CPU
		{39D30F71-0E43-49AE-8522-243D10DE3C66}.Release|x64.Build.0 = Release|Any CPU
		{39D30F71-0E43-49AE-8522-243D10DE3C66}.Release|x86.ActiveCfg = Release|Any CPU
		{39D30F71-0E43-49AE-8522-243D10DE3C66}.Release|x86.Build.0 = Release|Any CPU
		{08BD0788-6503-4C53-8FCD-81F9AE5574FE}.Debug|Any CPU.ActiveCfg = Debug|Any CPU
		{08BD0788-6503-4C53-8FCD-81F9AE5574FE}.Debug|Any CPU.Build.0 = Debug|Any CPU
		{08BD0788-6503-4C53-8FCD-81F9AE5574FE}.Debug|x64.ActiveCfg = Debug|Any CPU
		{08BD0788-6503-4C53-8FCD-81F9AE5574FE}.Debug|x64.Build.0 = Debug|Any CPU
		{08BD0788-6503-4C53-8FCD-81F9AE5574FE}.Debug|x86.ActiveCfg = Debug|Any CPU
		{08BD0788-6503-4C53-8FCD-81F9AE5574FE}.Debug|x86.Build.0 = Debug|Any CPU
		{08BD0788-6503-4C53-8FCD-81F9AE5574FE}.Release|Any CPU.ActiveCfg = Release|Any CPU
		{08BD0788-6503-4C53-8FCD-81F9AE5574FE}.Release|Any CPU.Build.0 = Release|Any CPU
		{08BD0788-6503-4C53-8FCD-81F9AE5574FE}.Release|x64.ActiveCfg = Release|Any CPU
		{08BD0788-6503-4C53-8FCD-81F9AE5574FE}.Release|x64.Build.0 = Release|Any CPU
		{08BD0788-6503-4C53-8FCD-81F9AE5574FE}.Release|x86.ActiveCfg = Release|Any CPU
		{08BD0788-6503-4C53-8FCD-81F9AE5574FE}.Release|x86.Build.0 = Release|Any CPU
		{218D2BF6-09E3-436F-A5DF-166D8BA6DD9A}.Debug|Any CPU.ActiveCfg = Debug|Any CPU
		{218D2BF6-09E3-436F-A5DF-166D8BA6DD9A}.Debug|Any CPU.Build.0 = Debug|Any CPU
		{218D2BF6-09E3-436F-A5DF-166D8BA6DD9A}.Debug|x64.ActiveCfg = Debug|Any CPU
		{218D2BF6-09E3-436F-A5DF-166D8BA6DD9A}.Debug|x64.Build.0 = Debug|Any CPU
		{218D2BF6-09E3-436F-A5DF-166D8BA6DD9A}.Debug|x86.ActiveCfg = Debug|Any CPU
		{218D2BF6-09E3-436F-A5DF-166D8BA6DD9A}.Debug|x86.Build.0 = Debug|Any CPU
		{218D2BF6-09E3-436F-A5DF-166D8BA6DD9A}.Release|Any CPU.ActiveCfg = Release|Any CPU
		{218D2BF6-09E3-436F-A5DF-166D8BA6DD9A}.Release|Any CPU.Build.0 = Release|Any CPU
		{218D2BF6-09E3-436F-A5DF-166D8BA6DD9A}.Release|x64.ActiveCfg = Release|Any CPU
		{218D2BF6-09E3-436F-A5DF-166D8BA6DD9A}.Release|x64.Build.0 = Release|Any CPU
		{218D2BF6-09E3-436F-A5DF-166D8BA6DD9A}.Release|x86.ActiveCfg = Release|Any CPU
		{218D2BF6-09E3-436F-A5DF-166D8BA6DD9A}.Release|x86.Build.0 = Release|Any CPU
		{065DEB5D-0A72-4035-9803-202062849D28}.Debug|Any CPU.ActiveCfg = Debug|Any CPU
		{065DEB5D-0A72-4035-9803-202062849D28}.Debug|Any CPU.Build.0 = Debug|Any CPU
		{065DEB5D-0A72-4035-9803-202062849D28}.Debug|x64.ActiveCfg = Debug|Any CPU
		{065DEB5D-0A72-4035-9803-202062849D28}.Debug|x64.Build.0 = Debug|Any CPU
		{065DEB5D-0A72-4035-9803-202062849D28}.Debug|x86.ActiveCfg = Debug|Any CPU
		{065DEB5D-0A72-4035-9803-202062849D28}.Debug|x86.Build.0 = Debug|Any CPU
		{065DEB5D-0A72-4035-9803-202062849D28}.Release|Any CPU.ActiveCfg = Release|Any CPU
		{065DEB5D-0A72-4035-9803-202062849D28}.Release|Any CPU.Build.0 = Release|Any CPU
		{065DEB5D-0A72-4035-9803-202062849D28}.Release|x64.ActiveCfg = Release|Any CPU
		{065DEB5D-0A72-4035-9803-202062849D28}.Release|x64.Build.0 = Release|Any CPU
		{065DEB5D-0A72-4035-9803-202062849D28}.Release|x86.ActiveCfg = Release|Any CPU
		{065DEB5D-0A72-4035-9803-202062849D28}.Release|x86.Build.0 = Release|Any CPU
		{77C3EC84-EE98-4BC2-8AF9-27798E581F81}.Debug|Any CPU.ActiveCfg = Debug|Any CPU
		{77C3EC84-EE98-4BC2-8AF9-27798E581F81}.Debug|Any CPU.Build.0 = Debug|Any CPU
		{77C3EC84-EE98-4BC2-8AF9-27798E581F81}.Debug|x64.ActiveCfg = Debug|Any CPU
		{77C3EC84-EE98-4BC2-8AF9-27798E581F81}.Debug|x64.Build.0 = Debug|Any CPU
		{77C3EC84-EE98-4BC2-8AF9-27798E581F81}.Debug|x86.ActiveCfg = Debug|Any CPU
		{77C3EC84-EE98-4BC2-8AF9-27798E581F81}.Debug|x86.Build.0 = Debug|Any CPU
		{77C3EC84-EE98-4BC2-8AF9-27798E581F81}.Release|Any CPU.ActiveCfg = Release|Any CPU
		{77C3EC84-EE98-4BC2-8AF9-27798E581F81}.Release|Any CPU.Build.0 = Release|Any CPU
		{77C3EC84-EE98-4BC2-8AF9-27798E581F81}.Release|x64.ActiveCfg = Release|Any CPU
		{77C3EC84-EE98-4BC2-8AF9-27798E581F81}.Release|x64.Build.0 = Release|Any CPU
		{77C3EC84-EE98-4BC2-8AF9-27798E581F81}.Release|x86.ActiveCfg = Release|Any CPU
		{77C3EC84-EE98-4BC2-8AF9-27798E581F81}.Release|x86.Build.0 = Release|Any CPU
	EndGlobalSection
EndGlobal
